
Microsoft Visual Studio Solution File, Format Version 12.00
# Visual Studio Version 16
VisualStudioVersion = 16.0.29215.179
MinimumVisualStudioVersion = 10.0.40219.1
Project("{FAE04EC0-301F-11D3-BF4B-00C04F79EFBC}") = "Sendtime", "Sendtime\Sendtime.csproj", "{DCA28AB3-CFDD-4589-81AE-B9F58BBE0088}"
EndProject
Global
	GlobalSection(SolutionConfigurationPlatforms) = preSolution
		Debug|Any CPU = Debug|Any CPU
		Release|Any CPU = Release|Any CPU
	EndGlobalSection
	GlobalSection(ProjectConfigurationPlatforms) = postSolution
		{DCA28AB3-CFDD-4589-81AE-B9F58BBE0088}.Debug|Any CPU.ActiveCfg = Debug|Any CPU
		{DCA28AB3-CFDD-4589-81AE-B9F58BBE0088}.Debug|Any CPU.Build.0 = Debug|Any CPU
		{DCA28AB3-CFDD-4589-81AE-B9F58BBE0088}.Release|Any CPU.ActiveCfg = Release|Any CPU
		{DCA28AB3-CFDD-4589-81AE-B9F58BBE0088}.Release|Any CPU.Build.0 = Release|Any CPU
	EndGlobalSection
	GlobalSection(SolutionProperties) = preSolution
		HideSolutionNode = FALSE
	EndGlobalSection
	GlobalSection(ExtensibilityGlobals) = postSolution
		SolutionGuid = {246CAC43-B4C3-47DC-B195-72B23761444B}
	EndGlobalSection
EndGlobal
